
Microsoft Visual Studio Solution File, Format Version 12.00
# Visual Studio Version 17
VisualStudioVersion = 17.8.34525.116
MinimumVisualStudioVersion = 10.0.40219.1
Project("{FAE04EC0-301F-11D3-BF4B-00C04F79EFBC}") = "GroupProject", "GroupProject\GroupProject.csproj", "{89DE57B8-EF6D-418C-8899-8FD49A1ECC03}"
EndProject
Project("{FAE04EC0-301F-11D3-BF4B-00C04F79EFBC}") = "Libraries", "Libraries\Libraries.csproj", "{EECC3A5E-0DE8-4B17-804C-256E5F793965}"
EndProject
Global
	GlobalSection(SolutionConfigurationPlatforms) = preSolution
		Debug|Any CPU = Debug|Any CPU
		Release|Any CPU = Release|Any CPU
	EndGlobalSection
	GlobalSection(ProjectConfigurationPlatforms) = postSolution
		{89DE57B8-EF6D-418C-8899-8FD49A1ECC03}.Debug|Any CPU.ActiveCfg = Debug|Any CPU
		{89DE57B8-EF6D-418C-8899-8FD49A1ECC03}.Debug|Any CPU.Build.0 = Debug|Any CPU
		{89DE57B8-EF6D-418C-8899-8FD49A1ECC03}.Release|Any CPU.ActiveCfg = Release|Any CPU
		{89DE57B8-EF6D-418C-8899-8FD49A1ECC03}.Release|Any CPU.Build.0 = Release|Any CPU
		{EECC3A5E-0DE8-4B17-804C-256E5F793965}.Debug|Any CPU.ActiveCfg = Debug|Any CPU
		{EECC3A5E-0DE8-4B17-804C-256E5F793965}.Debug|Any CPU.Build.0 = Debug|Any CPU
		{EECC3A5E-0DE8-4B17-804C-256E5F793965}.Release|Any CPU.ActiveCfg = Release|Any CPU
		{EECC3A5E-0DE8-4B17-804C-256E5F793965}.Release|Any CPU.Build.0 = Release|Any CPU
	EndGlobalSection
	GlobalSection(SolutionProperties) = preSolution
		HideSolutionNode = FALSE
	EndGlobalSection
	GlobalSection(ExtensibilityGlobals) = postSolution
		SolutionGuid = {D18FDFE3-E613-440F-B109-08C4676A6B72}
	EndGlobalSection
EndGlobal
